
Microsoft Visual Studio Solution File, Format Version 12.00
# Visual Studio 14
VisualStudioVersion = 14.0.23107.0
MinimumVisualStudioVersion = 10.0.40219.1
Project("{FAE04EC0-301F-11D3-BF4B-00C04F79EFBC}") = "Sitio", "Sitio\Sitio.csproj", "{4321D2FA-D3D1-40B5-A3A4-37F0750F702A}"
EndProject
Project("{FAE04EC0-301F-11D3-BF4B-00C04F79EFBC}") = "EC", "EC\EC.csproj", "{D228EE8E-249D-4D42-A080-15A312B96B95}"
EndProject
Project("{FAE04EC0-301F-11D3-BF4B-00C04F79EFBC}") = "Persistencia", "Persistencia\Persistencia.csproj", "{3E39C055-AE26-49D9-96D5-BB623B99A480}"
EndProject
Project("{FAE04EC0-301F-11D3-BF4B-00C04F79EFBC}") = "Logica", "Logica\Logica.csproj", "{1EE9099E-EAE6-4EC7-9456-114608BF2C04}"
EndProject
Project("{FAE04EC0-301F-11D3-BF4B-00C04F79EFBC}") = "EF", "EF\EF.csproj", "{13DA6BFE-6849-4A85-84A4-CDB73DEA7DE3}"
EndProject
Global
	GlobalSection(SolutionConfigurationPlatforms) = preSolution
		Debug|Any CPU = Debug|Any CPU
		Release|Any CPU = Release|Any CPU
	EndGlobalSection
	GlobalSection(ProjectConfigurationPlatforms) = postSolution
		{4321D2FA-D3D1-40B5-A3A4-37F0750F702A}.Debug|Any CPU.ActiveCfg = Debug|Any CPU
		{4321D2FA-D3D1-40B5-A3A4-37F0750F702A}.Debug|Any CPU.Build.0 = Debug|Any CPU
		{4321D2FA-D3D1-40B5-A3A4-37F0750F702A}.Release|Any CPU.ActiveCfg = Release|Any CPU
		{4321D2FA-D3D1-40B5-A3A4-37F0750F702A}.Release|Any CPU.Build.0 = Release|Any CPU
		{D228EE8E-249D-4D42-A080-15A312B96B95}.Debug|Any CPU.ActiveCfg = Debug|Any CPU
		{D228EE8E-249D-4D42-A080-15A312B96B95}.Debug|Any CPU.Build.0 = Debug|Any CPU
		{D228EE8E-249D-4D42-A080-15A312B96B95}.Release|Any CPU.ActiveCfg = Release|Any CPU
		{D228EE8E-249D-4D42-A080-15A312B96B95}.Release|Any CPU.Build.0 = Release|Any CPU
		{3E39C055-AE26-49D9-96D5-BB623B99A480}.Debug|Any CPU.ActiveCfg = Debug|Any CPU
		{3E39C055-AE26-49D9-96D5-BB623B99A480}.Debug|Any CPU.Build.0 = Debug|Any CPU
		{3E39C055-AE26-49D9-96D5-BB623B99A480}.Release|Any CPU.ActiveCfg = Release|Any CPU
		{3E39C055-AE26-49D9-96D5-BB623B99A480}.Release|Any CPU.Build.0 = Release|Any CPU
		{1EE9099E-EAE6-4EC7-9456-114608BF2C04}.Debug|Any CPU.ActiveCfg = Debug|Any CPU
		{1EE9099E-EAE6-4EC7-9456-114608BF2C04}.Debug|Any CPU.Build.0 = Debug|Any CPU
		{1EE9099E-EAE6-4EC7-9456-114608BF2C04}.Release|Any CPU.ActiveCfg = Release|Any CPU
		{1EE9099E-EAE6-4EC7-9456-114608BF2C04}.Release|Any CPU.Build.0 = Release|Any CPU
		{13DA6BFE-6849-4A85-84A4-CDB73DEA7DE3}.Debug|Any CPU.ActiveCfg = Debug|Any CPU
		{13DA6BFE-6849-4A85-84A4-CDB73DEA7DE3}.Debug|Any CPU.Build.0 = Debug|Any CPU
		{13DA6BFE-6849-4A85-84A4-CDB73DEA7DE3}.Release|Any CPU.ActiveCfg = Release|Any CPU
		{13DA6BFE-6849-4A85-84A4-CDB73DEA7DE3}.Release|Any CPU.Build.0 = Release|Any CPU
	EndGlobalSection
	GlobalSection(SolutionProperties) = preSolution
		HideSolutionNode = FALSE
	EndGlobalSection
EndGlobal
